PODS:
  - Action (5.0.0):
    - RxCocoa (~> 6.0)
    - RxSwift (~> 6.0)
  - Alamofire (5.4.3)
  - Differentiator (5.0.0)
  - "NSObject+Rx (5.2.2)":
    - RxSwift (~> 6.2)
  - RxBlocking (6.2.0):
    - RxSwift (= 6.2.0)
  - RxCocoa (6.2.0):
    - RxRelay (= 6.2.0)
    - RxSwift (= 6.2.0)
  - RxDataSources (5.0.0):
    - Differentiator (~> 5.0)
    - RxCocoa (~> 6.0)
    - RxSwift (~> 6.0)
  - RxRelay (6.2.0):
    - RxSwift (= 6.2.0)
  - RxSwift (6.2.0)
  - RxViewController (2.0.0):
    - RxCocoa (~> 6.0)
    - RxSwift (~> 6.0)

DEPENDENCIES:
  - Action
  - Alamofire
  - "NSObject+Rx"
  - RxBlocking
  - RxCocoa
  - RxDataSources
  - RxSwift
  - RxViewController

SPEC REPOS:
  trunk:
    - Action
    - Alamofire
    - Differentiator
    - "NSObject+Rx"
    - RxBlocking
    - RxCocoa
    - RxDataSources
    - RxRelay
    - RxSwift
    - RxViewController

SPEC CHECKSUMS:
  Action: 47f1825511907b4fcd79dd7a7db9526c20f78018
  Alamofire: e447a2774a40c996748296fa2c55112fdbbc42f9
  Differentiator: e8497ceab83c1b10ca233716d547b9af21b9344d
  "NSObject+Rx": 61cf1f7306a73dcef8b36649198af0813ec18dfd
  RxBlocking: 0b29f7d2079109a8de49c411381bed7c33ef1eeb
  RxCocoa: 4baf94bb35f2c0ab31bc0cb9f1900155f646ba42
  RxDataSources: aa47cc1ed6c500fa0dfecac5c979b723542d79cf
  RxRelay: e72dbfd157807478401ef1982e1c61c945c94b2f
  RxSwift: d356ab7bee873611322f134c5f9ef379fa183d8f
  RxViewController: 56486fa0afd629a1d6b5ba077f3b8cd9dc31b5d2

PODFILE CHECKSUM: e70a84f31488d179909b2e157f18fed7bebd5fe2

COCOAPODS: 1.10.1
