// !$*UTF8*$!
{
	archiveVersion = 1;
	classes = {
	};
	objectVersion = 51;
	objects = {

/* Begin PBXBuildFile section */
		220AADC426EB5716008DB9ED /* ViewDetailSidedishItem.swift in Sources */ = {isa = PBXBuildFile; fileRef = 220AADC326EB5716008DB9ED /* ViewDetailSidedishItem.swift */; };
		220AADC926EB8817008DB9ED /* NetworkUseCase.swift in Sources */ = {isa = PBXBuildFile; fileRef = 220AADC826EB8817008DB9ED /* NetworkUseCase.swift */; };
		220E095E26DD1A30003C72AE /* NetworkManager.swift in Sources */ = {isa = PBXBuildFile; fileRef = 220E095D26DD1A30003C72AE /* NetworkManager.swift */; };
		221E9B1726DDCEA200FCF81C /* SidedishItem.swift in Sources */ = {isa = PBXBuildFile; fileRef = 221E9B1626DDCEA200FCF81C /* SidedishItem.swift */; };
		221E9B2526DDD77A00FCF81C /* MainBody.swift in Sources */ = {isa = PBXBuildFile; fileRef = 221E9B2426DDD77A00FCF81C /* MainBody.swift */; };
		222E078B26E0C1F000F53227 /* CommonViewModel.swift in Sources */ = {isa = PBXBuildFile; fileRef = 222E078A26E0C1F000F53227 /* CommonViewModel.swift */; };
		222E079026E0C43B00F53227 /* MainTableViewCell.swift in Sources */ = {isa = PBXBuildFile; fileRef = 222E078F26E0C43B00F53227 /* MainTableViewCell.swift */; };
		222E079326E0C90300F53227 /* NSObject+ClassNameProtocol.swift in Sources */ = {isa = PBXBuildFile; fileRef = 222E079226E0C90300F53227 /* NSObject+ClassNameProtocol.swift */; };
		223F3F7326DDE5EE005AFBB0 /* NetworkError.swift in Sources */ = {isa = PBXBuildFile; fileRef = 223F3F7226DDE5EE005AFBB0 /* NetworkError.swift */; };
		223F3F7626DDE60B005AFBB0 /* ServerAPI.swift in Sources */ = {isa = PBXBuildFile; fileRef = 223F3F7526DDE60B005AFBB0 /* ServerAPI.swift */; };
		223F3F7926DDE668005AFBB0 /* ImageLoader.swift in Sources */ = {isa = PBXBuildFile; fileRef = 223F3F7826DDE668005AFBB0 /* ImageLoader.swift */; };
		223F3F7E26DDF224005AFBB0 /* UIImage+UIGraphicsImageREnderer.swift in Sources */ = {isa = PBXBuildFile; fileRef = 223F3F7D26DDF224005AFBB0 /* UIImage+UIGraphicsImageREnderer.swift */; };
		223F3F8126DDF3DF005AFBB0 /* DetailSidedishItem.swift in Sources */ = {isa = PBXBuildFile; fileRef = 223F3F8026DDF3DF005AFBB0 /* DetailSidedishItem.swift */; };
		223F3F8626DDFE00005AFBB0 /* TransitionModel.swift in Sources */ = {isa = PBXBuildFile; fileRef = 223F3F8526DDFE00005AFBB0 /* TransitionModel.swift */; };
		223F3F8926DDFFAF005AFBB0 /* Scene.swift in Sources */ = {isa = PBXBuildFile; fileRef = 223F3F8826DDFFAF005AFBB0 /* Scene.swift */; };
		223F3F8D26DE0023005AFBB0 /* MainViewModel.swift in Sources */ = {isa = PBXBuildFile; fileRef = 223F3F8C26DE0023005AFBB0 /* MainViewModel.swift */; };
		223F3F9026DE002B005AFBB0 /* DetailViewModel.swift in Sources */ = {isa = PBXBuildFile; fileRef = 223F3F8F26DE002B005AFBB0 /* DetailViewModel.swift */; };
		223F3F9826DE701A005AFBB0 /* ViewModelBindableType.swift in Sources */ = {isa = PBXBuildFile; fileRef = 223F3F9726DE701A005AFBB0 /* ViewModelBindableType.swift */; };
		223F3F9B26DE7281005AFBB0 /* DetailViewController.swift in Sources */ = {isa = PBXBuildFile; fileRef = 223F3F9A26DE7281005AFBB0 /* DetailViewController.swift */; };
		224BE9CB26E61A8400EC99C6 /* MainTableViewHeaderView.swift in Sources */ = {isa = PBXBuildFile; fileRef = 224BE9CA26E61A8400EC99C6 /* MainTableViewHeaderView.swift */; };
		224BE9CF26E622ED00EC99C6 /* RoundImageView.swift in Sources */ = {isa = PBXBuildFile; fileRef = 224BE9CE26E622ED00EC99C6 /* RoundImageView.swift */; };
		226B8BBF26E65FB200F79865 /* RoundBadgeLabel.swift in Sources */ = {isa = PBXBuildFile; fileRef = 226B8BBE26E65FB200F79865 /* RoundBadgeLabel.swift */; };
		226B8BC326E6629200F79865 /* MainTableViewDelegate.swift in Sources */ = {isa = PBXBuildFile; fileRef = 226B8BC226E6629200F79865 /* MainTableViewDelegate.swift */; };
		22B54BE726E7660900F76088 /* ThumbnailStackView.swift in Sources */ = {isa = PBXBuildFile; fileRef = 22B54BE626E7660900F76088 /* ThumbnailStackView.swift */; };
		22B54BEA26E7661F00F76088 /* DescriptionView.swift in Sources */ = {isa = PBXBuildFile; fileRef = 22B54BE926E7661F00F76088 /* DescriptionView.swift */; };
		22B54BF126E7666700F76088 /* DetailImageStackView.swift in Sources */ = {isa = PBXBuildFile; fileRef = 22B54BF026E7666700F76088 /* DetailImageStackView.swift */; };
		22B54BF726E797C800F76088 /* DetailBody.swift in Sources */ = {isa = PBXBuildFile; fileRef = 22B54BF626E797C700F76088 /* DetailBody.swift */; };
		22BF2B0826DD13AF009A8B51 /* AppDelegate.swift in Sources */ = {isa = PBXBuildFile; fileRef = 22BF2B0726DD13AF009A8B51 /* AppDelegate.swift */; };
		22BF2B0A26DD13AF009A8B51 /* SceneDelegate.swift in Sources */ = {isa = PBXBuildFile; fileRef = 22BF2B0926DD13AF009A8B51 /* SceneDelegate.swift */; };
		22BF2B0C26DD13AF009A8B51 /* MainViewController.swift in Sources */ = {isa = PBXBuildFile; fileRef = 22BF2B0B26DD13AF009A8B51 /* MainViewController.swift */; };
		22BF2B0F26DD13AF009A8B51 /* Main.storyboard in Resources */ = {isa = PBXBuildFile; fileRef = 22BF2B0D26DD13AF009A8B51 /* Main.storyboard */; };
		22BF2B1126DD13B2009A8B51 /* Assets.xcassets in Resources */ = {isa = PBXBuildFile; fileRef = 22BF2B1026DD13B2009A8B51 /* Assets.xcassets */; };
		22BF2B1426DD13B2009A8B51 /* LaunchScreen.storyboard in Resources */ = {isa = PBXBuildFile; fileRef = 22BF2B1226DD13B2009A8B51 /* LaunchScreen.storyboard */; };
		22DB2C7E26DF0F4800E81B40 /* SidedishStorage.swift in Sources */ = {isa = PBXBuildFile; fileRef = 22DB2C7D26DF0F4800E81B40 /* SidedishStorage.swift */; };
		22DB2C8526DF15CF00E81B40 /* SidedishStorageType.swift in Sources */ = {isa = PBXBuildFile; fileRef = 22DB2C8426DF15CF00E81B40 /* SidedishStorageType.swift */; };
		22F2E60526DE73EB00152FFA /* SceneCoordinatorType.swift in Sources */ = {isa = PBXBuildFile; fileRef = 22F2E60426DE73EB00152FFA /* SceneCoordinatorType.swift */; };
		22F2E60826DE745400152FFA /* SceneCoordinator.swift in Sources */ = {isa = PBXBuildFile; fileRef = 22F2E60726DE745400152FFA /* SceneCoordinator.swift */; };
		22F4D89826EB1F9800A7BB61 /* RxSidedishTests.swift in Sources */ = {isa = PBXBuildFile; fileRef = 22F4D89726EB1F9800A7BB61 /* RxSidedishTests.swift */; };
		22F4D8A226EB215300A7BB61 /* RxDetailViewModelTests.swift in Sources */ = {isa = PBXBuildFile; fileRef = 22F4D8A126EB215300A7BB61 /* RxDetailViewModelTests.swift */; };
		88974880A0465B552C184D4C /* Pods_RxSidedish.framework in Frameworks */ = {isa = PBXBuildFile; fileRef = 4750835E4D1212543DCCD234 /* Pods_RxSidedish.framework */; };
		A5B8C0748F709F070AD6ACA3 /* Pods_RxSidedishTests.framework in Frameworks */ = {isa = PBXBuildFile; fileRef = 53D86085D9E7786B1E6405CD /* Pods_RxSidedishTests.framework */; };
/* End PBXBuildFile section */

/* Begin PBXContainerItemProxy section */
		22F4D89A26EB1F9800A7BB61 /* PBXContainerItemProxy */ = {
			isa = PBXContainerItemProxy;
			containerPortal = 22BF2AFC26DD13AF009A8B51 /* Project object */;
			proxyType = 1;
			remoteGlobalIDString = 22BF2B0326DD13AF009A8B51;
			remoteInfo = RxSidedish;
		};
/* End PBXContainerItemProxy section */

/* Begin PBXFileReference section */
		220AADC326EB5716008DB9ED /* ViewDetailSidedishItem.swift */ = {isa = PBXFileReference; lastKnownFileType = sourcecode.swift; path = ViewDetailSidedishItem.swift; sourceTree = "<group>"; };
		220AADC826EB8817008DB9ED /* NetworkUseCase.swift */ = {isa = PBXFileReference; lastKnownFileType = sourcecode.swift; path = NetworkUseCase.swift; sourceTree = "<group>"; };
		220E095D26DD1A30003C72AE /* NetworkManager.swift */ = {isa = PBXFileReference; lastKnownFileType = sourcecode.swift; path = NetworkManager.swift; sourceTree = "<group>"; };
		221E9B1626DDCEA200FCF81C /* SidedishItem.swift */ = {isa = PBXFileReference; lastKnownFileType = sourcecode.swift; path = SidedishItem.swift; sourceTree = "<group>"; };
		221E9B2426DDD77A00FCF81C /* MainBody.swift */ = {isa = PBXFileReference; lastKnownFileType = sourcecode.swift; path = MainBody.swift; sourceTree = "<group>"; };
		222E078A26E0C1F000F53227 /* CommonViewModel.swift */ = {isa = PBXFileReference; lastKnownFileType = sourcecode.swift; path = CommonViewModel.swift; sourceTree = "<group>"; };
		222E078F26E0C43B00F53227 /* MainTableViewCell.swift */ = {isa = PBXFileReference; lastKnownFileType = sourcecode.swift; path = MainTableViewCell.swift; sourceTree = "<group>"; };
		222E079226E0C90300F53227 /* NSObject+ClassNameProtocol.swift */ = {isa = PBXFileReference; lastKnownFileType = sourcecode.swift; path = "NSObject+ClassNameProtocol.swift"; sourceTree = "<group>"; };
		223F3F7226DDE5EE005AFBB0 /* NetworkError.swift */ = {isa = PBXFileReference; lastKnownFileType = sourcecode.swift; path = NetworkError.swift; sourceTree = "<group>"; };
		223F3F7526DDE60B005AFBB0 /* ServerAPI.swift */ = {isa = PBXFileReference; lastKnownFileType = sourcecode.swift; path = ServerAPI.swift; sourceTree = "<group>"; };
		223F3F7826DDE668005AFBB0 /* ImageLoader.swift */ = {isa = PBXFileReference; lastKnownFileType = sourcecode.swift; path = ImageLoader.swift; sourceTree = "<group>"; };
		223F3F7D26DDF224005AFBB0 /* UIImage+UIGraphicsImageREnderer.swift */ = {isa = PBXFileReference; lastKnownFileType = sourcecode.swift; path = "UIImage+UIGraphicsImageREnderer.swift"; sourceTree = "<group>"; };
		223F3F8026DDF3DF005AFBB0 /* DetailSidedishItem.swift */ = {isa = PBXFileReference; lastKnownFileType = sourcecode.swift; path = DetailSidedishItem.swift; sourceTree = "<group>"; };
		223F3F8526DDFE00005AFBB0 /* TransitionModel.swift */ = {isa = PBXFileReference; lastKnownFileType = sourcecode.swift; path = TransitionModel.swift; sourceTree = "<group>"; };
		223F3F8826DDFFAF005AFBB0 /* Scene.swift */ = {isa = PBXFileReference; lastKnownFileType = sourcecode.swift; path = Scene.swift; sourceTree = "<group>"; };
		223F3F8C26DE0023005AFBB0 /* MainViewModel.swift */ = {isa = PBXFileReference; lastKnownFileType = sourcecode.swift; path = MainViewModel.swift; sourceTree = "<group>"; };
		223F3F8F26DE002B005AFBB0 /* DetailViewModel.swift */ = {isa = PBXFileReference; lastKnownFileType = sourcecode.swift; path = DetailViewModel.swift; sourceTree = "<group>"; };
		223F3F9726DE701A005AFBB0 /* ViewModelBindableType.swift */ = {isa = PBXFileReference; lastKnownFileType = sourcecode.swift; path = ViewModelBindableType.swift; sourceTree = "<group>"; };
		223F3F9A26DE7281005AFBB0 /* DetailViewController.swift */ = {isa = PBXFileReference; lastKnownFileType = sourcecode.swift; path = DetailViewController.swift; sourceTree = "<group>"; };
		224BE9CA26E61A8400EC99C6 /* MainTableViewHeaderView.swift */ = {isa = PBXFileReference; lastKnownFileType = sourcecode.swift; path = MainTableViewHeaderView.swift; sourceTree = "<group>"; };
		224BE9CE26E622ED00EC99C6 /* RoundImageView.swift */ = {isa = PBXFileReference; lastKnownFileType = sourcecode.swift; path = RoundImageView.swift; sourceTree = "<group>"; };
		226B8BBE26E65FB200F79865 /* RoundBadgeLabel.swift */ = {isa = PBXFileReference; lastKnownFileType = sourcecode.swift; path = RoundBadgeLabel.swift; sourceTree = "<group>"; };
		226B8BC226E6629200F79865 /* MainTableViewDelegate.swift */ = {isa = PBXFileReference; lastKnownFileType = sourcecode.swift; path = MainTableViewDelegate.swift; sourceTree = "<group>"; };
		22B54BE626E7660900F76088 /* ThumbnailStackView.swift */ = {isa = PBXFileReference; lastKnownFileType = sourcecode.swift; path = ThumbnailStackView.swift; sourceTree = "<group>"; };
		22B54BE926E7661F00F76088 /* DescriptionView.swift */ = {isa = PBXFileReference; lastKnownFileType = sourcecode.swift; path = DescriptionView.swift; sourceTree = "<group>"; };
		22B54BF026E7666700F76088 /* DetailImageStackView.swift */ = {isa = PBXFileReference; lastKnownFileType = sourcecode.swift; path = DetailImageStackView.swift; sourceTree = "<group>"; };
		22B54BF626E797C700F76088 /* DetailBody.swift */ = {isa = PBXFileReference; lastKnownFileType = sourcecode.swift; path = DetailBody.swift; sourceTree = "<group>"; };
		22BF2B0426DD13AF009A8B51 /* RxSidedish.app */ = {isa = PBXFileReference; explicitFileType = wrapper.application; includeInIndex = 0; path = RxSidedish.app; sourceTree = BUILT_PRODUCTS_DIR; };
		22BF2B0726DD13AF009A8B51 /* AppDelegate.swift */ = {isa = PBXFileReference; lastKnownFileType = sourcecode.swift; path = AppDelegate.swift; sourceTree = "<group>"; };
		22BF2B0926DD13AF009A8B51 /* SceneDelegate.swift */ = {isa = PBXFileReference; lastKnownFileType = sourcecode.swift; path = SceneDelegate.swift; sourceTree = "<group>"; };
		22BF2B0B26DD13AF009A8B51 /* MainViewController.swift */ = {isa = PBXFileReference; lastKnownFileType = sourcecode.swift; path = MainViewController.swift; sourceTree = "<group>"; };
		22BF2B0E26DD13AF009A8B51 /* Base */ = {isa = PBXFileReference; lastKnownFileType = file.storyboard; name = Base; path = Base.lproj/Main.storyboard; sourceTree = "<group>"; };
		22BF2B1026DD13B2009A8B51 /* Assets.xcassets */ = {isa = PBXFileReference; lastKnownFileType = folder.assetcatalog; path = Assets.xcassets; sourceTree = "<group>"; };
		22BF2B1326DD13B2009A8B51 /* Base */ = {isa = PBXFileReference; lastKnownFileType = file.storyboard; name = Base; path = Base.lproj/LaunchScreen.storyboard; sourceTree = "<group>"; };
		22BF2B1526DD13B2009A8B51 /* Info.plist */ = {isa = PBXFileReference; lastKnownFileType = text.plist.xml; path = Info.plist; sourceTree = "<group>"; };
		22DB2C7D26DF0F4800E81B40 /* SidedishStorage.swift */ = {isa = PBXFileReference; lastKnownFileType = sourcecode.swift; path = SidedishStorage.swift; sourceTree = "<group>"; };
		22DB2C8426DF15CF00E81B40 /* SidedishStorageType.swift */ = {isa = PBXFileReference; lastKnownFileType = sourcecode.swift; path = SidedishStorageType.swift; sourceTree = "<group>"; };
		22F2E60426DE73EB00152FFA /* SceneCoordinatorType.swift */ = {isa = PBXFileReference; lastKnownFileType = sourcecode.swift; path = SceneCoordinatorType.swift; sourceTree = "<group>"; };
		22F2E60726DE745400152FFA /* SceneCoordinator.swift */ = {isa = PBXFileReference; lastKnownFileType = sourcecode.swift; path = SceneCoordinator.swift; sourceTree = "<group>"; };
		22F4D89526EB1F9800A7BB61 /* RxSidedishTests.xctest */ = {isa = PBXFileReference; explicitFileType = wrapper.cfbundle; includeInIndex = 0; path = RxSidedishTests.xctest; sourceTree = BUILT_PRODUCTS_DIR; };
		22F4D89726EB1F9800A7BB61 /* RxSidedishTests.swift */ = {isa = PBXFileReference; lastKnownFileType = sourcecode.swift; path = RxSidedishTests.swift; sourceTree = "<group>"; };
		22F4D89926EB1F9800A7BB61 /* Info.plist */ = {isa = PBXFileReference; lastKnownFileType = text.plist.xml; path = Info.plist; sourceTree = "<group>"; };
		22F4D8A126EB215300A7BB61 /* RxDetailViewModelTests.swift */ = {isa = PBXFileReference; lastKnownFileType = sourcecode.swift; path = RxDetailViewModelTests.swift; sourceTree = "<group>"; };
		2758C0F9D661DBAFDD55D7E1 /* Pods-RxSidedish.debug.xcconfig */ = {isa = PBXFileReference; includeInIndex = 1; lastKnownFileType = text.xcconfig; name = "Pods-RxSidedish.debug.xcconfig"; path = "Target Support Files/Pods-RxSidedish/Pods-RxSidedish.debug.xcconfig"; sourceTree = "<group>"; };
		4750835E4D1212543DCCD234 /* Pods_RxSidedish.framework */ = {isa = PBXFileReference; explicitFileType = wrapper.framework; includeInIndex = 0; path = Pods_RxSidedish.framework; sourceTree = BUILT_PRODUCTS_DIR; };
		4D2820402D32AEF26A6DD1F6 /* Pods-RxSidedishTests.release.xcconfig */ = {isa = PBXFileReference; includeInIndex = 1; lastKnownFileType = text.xcconfig; name = "Pods-RxSidedishTests.release.xcconfig"; path = "Target Support Files/Pods-RxSidedishTests/Pods-RxSidedishTests.release.xcconfig"; sourceTree = "<group>"; };
		53D86085D9E7786B1E6405CD /* Pods_RxSidedishTests.framework */ = {isa = PBXFileReference; explicitFileType = wrapper.framework; includeInIndex = 0; path = Pods_RxSidedishTests.framework; sourceTree = BUILT_PRODUCTS_DIR; };
		649C8289C71710BA4CB5D69D /* Pods-RxSidedishTests.debug.xcconfig */ = {isa = PBXFileReference; includeInIndex = 1; lastKnownFileType = text.xcconfig; name = "Pods-RxSidedishTests.debug.xcconfig"; path = "Target Support Files/Pods-RxSidedishTests/Pods-RxSidedishTests.debug.xcconfig"; sourceTree = "<group>"; };
		721A5ACC8A183626B6BCB211 /* Pods-RxSidedish.release.xcconfig */ = {isa = PBXFileReference; includeInIndex = 1; lastKnownFileType = text.xcconfig; name = "Pods-RxSidedish.release.xcconfig"; path = "Target Support Files/Pods-RxSidedish/Pods-RxSidedish.release.xcconfig"; sourceTree = "<group>"; };
/* End PBXFileReference section */

/* Begin PBXFrameworksBuildPhase section */
		22BF2B0126DD13AF009A8B51 /* Frameworks */ = {
			isa = PBXFrameworksBuildPhase;
			buildActionMask = 2147483647;
			files = (
				88974880A0465B552C184D4C /* Pods_RxSidedish.framework in Frameworks */,
			);
			runOnlyForDeploymentPostprocessing = 0;
		};
		22F4D89226EB1F9800A7BB61 /* Frameworks */ = {
			isa = PBXFrameworksBuildPhase;
			buildActionMask = 2147483647;
			files = (
				A5B8C0748F709F070AD6ACA3 /* Pods_RxSidedishTests.framework in Frameworks */,
			);
			runOnlyForDeploymentPostprocessing = 0;
		};
/* End PBXFrameworksBuildPhase section */

/* Begin PBXGroup section */
		220AADC726EB8803008DB9ED /* UseCase */ = {
			isa = PBXGroup;
			children = (
				220AADC826EB8817008DB9ED /* NetworkUseCase.swift */,
			);
			path = UseCase;
			sourceTree = "<group>";
		};
		221E9B1526DDCD7300FCF81C /* Entity */ = {
			isa = PBXGroup;
			children = (
				221E9B2426DDD77A00FCF81C /* MainBody.swift */,
				221E9B1626DDCEA200FCF81C /* SidedishItem.swift */,
				22B54BF626E797C700F76088 /* DetailBody.swift */,
				223F3F8026DDF3DF005AFBB0 /* DetailSidedishItem.swift */,
			);
			path = Entity;
			sourceTree = "<group>";
		};
		222E078E26E0C40900F53227 /* View */ = {
			isa = PBXGroup;
			children = (
				222E078F26E0C43B00F53227 /* MainTableViewCell.swift */,
				224BE9CA26E61A8400EC99C6 /* MainTableViewHeaderView.swift */,
				224BE9CE26E622ED00EC99C6 /* RoundImageView.swift */,
				226B8BBE26E65FB200F79865 /* RoundBadgeLabel.swift */,
				22B54BE626E7660900F76088 /* ThumbnailStackView.swift */,
				22B54BE926E7661F00F76088 /* DescriptionView.swift */,
				22B54BF026E7666700F76088 /* DetailImageStackView.swift */,
			);
			path = View;
			sourceTree = "<group>";
		};
		223F3F7C26DDF211005AFBB0 /* extension */ = {
			isa = PBXGroup;
			children = (
				223F3F7D26DDF224005AFBB0 /* UIImage+UIGraphicsImageREnderer.swift */,
				222E079226E0C90300F53227 /* NSObject+ClassNameProtocol.swift */,
			);
			path = extension;
			sourceTree = "<group>";
		};
		223F3F8426DDFDEE005AFBB0 /* Scene */ = {
			isa = PBXGroup;
			children = (
				223F3F8526DDFE00005AFBB0 /* TransitionModel.swift */,
				223F3F8826DDFFAF005AFBB0 /* Scene.swift */,
				22F2E60426DE73EB00152FFA /* SceneCoordinatorType.swift */,
				22F2E60726DE745400152FFA /* SceneCoordinator.swift */,
			);
			path = Scene;
			sourceTree = "<group>";
		};
		223F3F8B26DE0009005AFBB0 /* ViewModel */ = {
			isa = PBXGroup;
			children = (
				223F3F8C26DE0023005AFBB0 /* MainViewModel.swift */,
				223F3F8F26DE002B005AFBB0 /* DetailViewModel.swift */,
				220AADC326EB5716008DB9ED /* ViewDetailSidedishItem.swift */,
				222E078A26E0C1F000F53227 /* CommonViewModel.swift */,
			);
			name = ViewModel;
			sourceTree = "<group>";
		};
		223F3F9626DE6FFE005AFBB0 /* ViewController */ = {
			isa = PBXGroup;
			children = (
				22BF2B0D26DD13AF009A8B51 /* Main.storyboard */,
				22BF2B1226DD13B2009A8B51 /* LaunchScreen.storyboard */,
				22BF2B0B26DD13AF009A8B51 /* MainViewController.swift */,
				223F3F9A26DE7281005AFBB0 /* DetailViewController.swift */,
				223F3F9726DE701A005AFBB0 /* ViewModelBindableType.swift */,
			);
			path = ViewController;
			sourceTree = "<group>";
		};
		226B8BC126E6627B00F79865 /* Delegate */ = {
			isa = PBXGroup;
			children = (
				226B8BC226E6629200F79865 /* MainTableViewDelegate.swift */,
			);
			path = Delegate;
			sourceTree = "<group>";
		};
		229E7E1826DE8BD50091BE43 /* Service */ = {
			isa = PBXGroup;
			children = (
				22DB2C7D26DF0F4800E81B40 /* SidedishStorage.swift */,
				22DB2C8426DF15CF00E81B40 /* SidedishStorageType.swift */,
			);
			path = Service;
			sourceTree = "<group>";
		};
		22BF2AFB26DD13AF009A8B51 = {
			isa = PBXGroup;
			children = (
				22BF2B0626DD13AF009A8B51 /* RxSidedish */,
				22F4D89626EB1F9800A7BB61 /* RxSidedishTests */,
				22BF2B0526DD13AF009A8B51 /* Products */,
				6BEC3F76CDB16894A9381E18 /* Pods */,
				D887EF1B2FDC7E739254157C /* Frameworks */,
			);
			sourceTree = "<group>";
		};
		22BF2B0526DD13AF009A8B51 /* Products */ = {
			isa = PBXGroup;
			children = (
				22BF2B0426DD13AF009A8B51 /* RxSidedish.app */,
				22F4D89526EB1F9800A7BB61 /* RxSidedishTests.xctest */,
			);
			name = Products;
			sourceTree = "<group>";
		};
		22BF2B0626DD13AF009A8B51 /* RxSidedish */ = {
			isa = PBXGroup;
			children = (
				22BF2B0726DD13AF009A8B51 /* AppDelegate.swift */,
				22BF2B0926DD13AF009A8B51 /* SceneDelegate.swift */,
				229E7E1826DE8BD50091BE43 /* Service */,
				222E078E26E0C40900F53227 /* View */,
				226B8BC126E6627B00F79865 /* Delegate */,
				223F3F8426DDFDEE005AFBB0 /* Scene */,
				223F3F9626DE6FFE005AFBB0 /* ViewController */,
				223F3F8B26DE0009005AFBB0 /* ViewModel */,
				220AADC726EB8803008DB9ED /* UseCase */,
				223F3F7C26DDF211005AFBB0 /* extension */,
				221E9B1526DDCD7300FCF81C /* Entity */,
				22BF2B2726DD18FF009A8B51 /* Network */,
				22BF2B1026DD13B2009A8B51 /* Assets.xcassets */,
				22BF2B1526DD13B2009A8B51 /* Info.plist */,
			);
			path = RxSidedish;
			sourceTree = "<group>";
		};
		22BF2B2726DD18FF009A8B51 /* Network */ = {
			isa = PBXGroup;
			children = (
				220E095D26DD1A30003C72AE /* NetworkManager.swift */,
				223F3F7826DDE668005AFBB0 /* ImageLoader.swift */,
				223F3F7526DDE60B005AFBB0 /* ServerAPI.swift */,
				223F3F7226DDE5EE005AFBB0 /* NetworkError.swift */,
			);
			path = Network;
			sourceTree = "<group>";
		};
		22F4D89626EB1F9800A7BB61 /* RxSidedishTests */ = {
			isa = PBXGroup;
			children = (
				22F4D89726EB1F9800A7BB61 /* RxSidedishTests.swift */,
				22F4D8A126EB215300A7BB61 /* RxDetailViewModelTests.swift */,
				22F4D89926EB1F9800A7BB61 /* Info.plist */,
			);
			path = RxSidedishTests;
			sourceTree = "<group>";
		};
		6BEC3F76CDB16894A9381E18 /* Pods */ = {
			isa = PBXGroup;
			children = (
				2758C0F9D661DBAFDD55D7E1 /* Pods-RxSidedish.debug.xcconfig */,
				721A5ACC8A183626B6BCB211 /* Pods-RxSidedish.release.xcconfig */,
				649C8289C71710BA4CB5D69D /* Pods-RxSidedishTests.debug.xcconfig */,
				4D2820402D32AEF26A6DD1F6 /* Pods-RxSidedishTests.release.xcconfig */,
			);
			path = Pods;
			sourceTree = "<group>";
		};
		D887EF1B2FDC7E739254157C /* Frameworks */ = {
			isa = PBXGroup;
			children = (
				4750835E4D1212543DCCD234 /* Pods_RxSidedish.framework */,
				53D86085D9E7786B1E6405CD /* Pods_RxSidedishTests.framework */,
			);
			name = Frameworks;
			sourceTree = "<group>";
		};
/* End PBXGroup section */

/* Begin PBXNativeTarget section */
		22BF2B0326DD13AF009A8B51 /* RxSidedish */ = {
			isa = PBXNativeTarget;
			buildConfigurationList = 22BF2B1826DD13B2009A8B51 /* Build configuration list for PBXNativeTarget "RxSidedish" */;
			buildPhases = (
				64CE63D2DB45810CF2B957DA /* [CP] Check Pods Manifest.lock */,
				22BF2B0026DD13AF009A8B51 /* Sources */,
				22BF2B0126DD13AF009A8B51 /* Frameworks */,
				22BF2B0226DD13AF009A8B51 /* Resources */,
				8E8C7DBD4893EBFD8FC5F5D5 /* [CP] Embed Pods Frameworks */,
			);
			buildRules = (
			);
			dependencies = (
			);
			name = RxSidedish;
			productName = RxSidedish;
			productReference = 22BF2B0426DD13AF009A8B51 /* RxSidedish.app */;
			productType = "com.apple.product-type.application";
		};
		22F4D89426EB1F9800A7BB61 /* RxSidedishTests */ = {
			isa = PBXNativeTarget;
			buildConfigurationList = 22F4D89E26EB1F9800A7BB61 /* Build configuration list for PBXNativeTarget "RxSidedishTests" */;
			buildPhases = (
				60975D879DA5ED5212AA5169 /* [CP] Check Pods Manifest.lock */,
				22F4D89126EB1F9800A7BB61 /* Sources */,
				22F4D89226EB1F9800A7BB61 /* Frameworks */,
				22F4D89326EB1F9800A7BB61 /* Resources */,
				0AFA42489B5209DC5A19659C /* [CP] Embed Pods Frameworks */,
			);
			buildRules = (
			);
			dependencies = (
				22F4D89B26EB1F9800A7BB61 /* PBXTargetDependency */,
			);
			name = RxSidedishTests;
			productName = RxSidedishTests;
			productReference = 22F4D89526EB1F9800A7BB61 /* RxSidedishTests.xctest */;
			productType = "com.apple.product-type.bundle.unit-test";
		};
/* End PBXNativeTarget section */

/* Begin PBXProject section */
		22BF2AFC26DD13AF009A8B51 /* Project object */ = {
			isa = PBXProject;
			attributes = {
				LastSwiftUpdateCheck = 1240;
				LastUpgradeCheck = 1240;
				TargetAttributes = {
					22BF2B0326DD13AF009A8B51 = {
						CreatedOnToolsVersion = 12.4;
					};
					22F4D89426EB1F9800A7BB61 = {
						CreatedOnToolsVersion = 12.4;
						TestTargetID = 22BF2B0326DD13AF009A8B51;
					};
				};
			};
			buildConfigurationList = 22BF2AFF26DD13AF009A8B51 /* Build configuration list for PBXProject "RxSidedish" */;
			compatibilityVersion = "Xcode 9.3";
			developmentRegion = en;
			hasScannedForEncodings = 0;
			knownRegions = (
				en,
				Base,
			);
			mainGroup = 22BF2AFB26DD13AF009A8B51;
			productRefGroup = 22BF2B0526DD13AF009A8B51 /* Products */;
			projectDirPath = "";
			projectRoot = "";
			targets = (
				22BF2B0326DD13AF009A8B51 /* RxSidedish */,
				22F4D89426EB1F9800A7BB61 /* RxSidedishTests */,
			);
		};
/* End PBXProject section */

/* Begin PBXResourcesBuildPhase section */
		22BF2B0226DD13AF009A8B51 /* Resources */ = {
			isa = PBXResourcesBuildPhase;
			buildActionMask = 2147483647;
			files = (
				22BF2B1426DD13B2009A8B51 /* LaunchScreen.storyboard in Resources */,
				22BF2B1126DD13B2009A8B51 /* Assets.xcassets in Resources */,
				22BF2B0F26DD13AF009A8B51 /* Main.storyboard in Resources */,
			);
			runOnlyForDeploymentPostprocessing = 0;
		};
		22F4D89326EB1F9800A7BB61 /* Resources */ = {
			isa = PBXResourcesBuildPhase;
			buildActionMask = 2147483647;
			files = (
			);
			runOnlyForDeploymentPostprocessing = 0;
		};
/* End PBXResourcesBuildPhase section */

/* Begin PBXShellScriptBuildPhase section */
		0AFA42489B5209DC5A19659C /* [CP] Embed Pods Frameworks */ = {
			isa = PBXShellScriptBuildPhase;
			buildActionMask = 2147483647;
			files = (
			);
			inputFileListPaths = (
				"${PODS_ROOT}/Target Support Files/Pods-RxSidedishTests/Pods-RxSidedishTests-frameworks-${CONFIGURATION}-input-files.xcfilelist",
			);
			name = "[CP] Embed Pods Frameworks";
			outputFileListPaths = (
				"${PODS_ROOT}/Target Support Files/Pods-RxSidedishTests/Pods-RxSidedishTests-frameworks-${CONFIGURATION}-output-files.xcfilelist",
			);
			runOnlyForDeploymentPostprocessing = 0;
			shellPath = /bin/sh;
			shellScript = "\"${PODS_ROOT}/Target Support Files/Pods-RxSidedishTests/Pods-RxSidedishTests-frameworks.sh\"\n";
			showEnvVarsInLog = 0;
		};
		60975D879DA5ED5212AA5169 /* [CP] Check Pods Manifest.lock */ = {
			isa = PBXShellScriptBuildPhase;
			buildActionMask = 2147483647;
			files = (
			);
			inputFileListPaths = (
			);
			inputPaths = (
				"${PODS_PODFILE_DIR_PATH}/Podfile.lock",
				"${PODS_ROOT}/Manifest.lock",
			);
			name = "[CP] Check Pods Manifest.lock";
			outputFileListPaths = (
			);
			outputPaths = (
				"$(DERIVED_FILE_DIR)/Pods-RxSidedishTests-checkManifestLockResult.txt",
			);
			runOnlyForDeploymentPostprocessing = 0;
			shellPath = /bin/sh;
			shellScript = "diff \"${PODS_PODFILE_DIR_PATH}/Podfile.lock\" \"${PODS_ROOT}/Manifest.lock\" > /dev/null\nif [ $? != 0 ] ; then\n    # print error to STDERR\n    echo \"error: The sandbox is not in sync with the Podfile.lock. Run 'pod install' or update your CocoaPods installation.\" >&2\n    exit 1\nfi\n# This output is used by Xcode 'outputs' to avoid re-running this script phase.\necho \"SUCCESS\" > \"${SCRIPT_OUTPUT_FILE_0}\"\n";
			showEnvVarsInLog = 0;
		};
		64CE63D2DB45810CF2B957DA /* [CP] Check Pods Manifest.lock */ = {
			isa = PBXShellScriptBuildPhase;
			buildActionMask = 2147483647;
			files = (
			);
			inputFileListPaths = (
			);
			inputPaths = (
				"${PODS_PODFILE_DIR_PATH}/Podfile.lock",
				"${PODS_ROOT}/Manifest.lock",
			);
			name = "[CP] Check Pods Manifest.lock";
			outputFileListPaths = (
			);
			outputPaths = (
				"$(DERIVED_FILE_DIR)/Pods-RxSidedish-checkManifestLockResult.txt",
			);
			runOnlyForDeploymentPostprocessing = 0;
			shellPath = /bin/sh;
			shellScript = "diff \"${PODS_PODFILE_DIR_PATH}/Podfile.lock\" \"${PODS_ROOT}/Manifest.lock\" > /dev/null\nif [ $? != 0 ] ; then\n    # print error to STDERR\n    echo \"error: The sandbox is not in sync with the Podfile.lock. Run 'pod install' or update your CocoaPods installation.\" >&2\n    exit 1\nfi\n# This output is used by Xcode 'outputs' to avoid re-running this script phase.\necho \"SUCCESS\" > \"${SCRIPT_OUTPUT_FILE_0}\"\n";
			showEnvVarsInLog = 0;
		};
		8E8C7DBD4893EBFD8FC5F5D5 /* [CP] Embed Pods Frameworks */ = {
			isa = PBXShellScriptBuildPhase;
			buildActionMask = 2147483647;
			files = (
			);
			inputFileListPaths = (
				"${PODS_ROOT}/Target Support Files/Pods-RxSidedish/Pods-RxSidedish-frameworks-${CONFIGURATION}-input-files.xcfilelist",
			);
			name = "[CP] Embed Pods Frameworks";
			outputFileListPaths = (
				"${PODS_ROOT}/Target Support Files/Pods-RxSidedish/Pods-RxSidedish-frameworks-${CONFIGURATION}-output-files.xcfilelist",
			);
			runOnlyForDeploymentPostprocessing = 0;
			shellPath = /bin/sh;
			shellScript = "\"${PODS_ROOT}/Target Support Files/Pods-RxSidedish/Pods-RxSidedish-frameworks.sh\"\n";
			showEnvVarsInLog = 0;
		};
/* End PBXShellScriptBuildPhase section */

/* Begin PBXSourcesBuildPhase section */
		22BF2B0026DD13AF009A8B51 /* Sources */ = {
			isa = PBXSourcesBuildPhase;
			buildActionMask = 2147483647;
			files = (
				223F3F8626DDFE00005AFBB0 /* TransitionModel.swift in Sources */,
				22B54BF126E7666700F76088 /* DetailImageStackView.swift in Sources */,
				223F3F9B26DE7281005AFBB0 /* DetailViewController.swift in Sources */,
				221E9B2526DDD77A00FCF81C /* MainBody.swift in Sources */,
				226B8BBF26E65FB200F79865 /* RoundBadgeLabel.swift in Sources */,
				223F3F7326DDE5EE005AFBB0 /* NetworkError.swift in Sources */,
				226B8BC326E6629200F79865 /* MainTableViewDelegate.swift in Sources */,
				223F3F8126DDF3DF005AFBB0 /* DetailSidedishItem.swift in Sources */,
				223F3F8926DDFFAF005AFBB0 /* Scene.swift in Sources */,
				22DB2C7E26DF0F4800E81B40 /* SidedishStorage.swift in Sources */,
				22B54BEA26E7661F00F76088 /* DescriptionView.swift in Sources */,
				220AADC426EB5716008DB9ED /* ViewDetailSidedishItem.swift in Sources */,
				222E079026E0C43B00F53227 /* MainTableViewCell.swift in Sources */,
				22B54BF726E797C800F76088 /* DetailBody.swift in Sources */,
				222E078B26E0C1F000F53227 /* CommonViewModel.swift in Sources */,
				223F3F9826DE701A005AFBB0 /* ViewModelBindableType.swift in Sources */,
				22F2E60826DE745400152FFA /* SceneCoordinator.swift in Sources */,
				224BE9CF26E622ED00EC99C6 /* RoundImageView.swift in Sources */,
				22BF2B0C26DD13AF009A8B51 /* MainViewController.swift in Sources */,
				223F3F7626DDE60B005AFBB0 /* ServerAPI.swift in Sources */,
				220AADC926EB8817008DB9ED /* NetworkUseCase.swift in Sources */,
				223F3F8D26DE0023005AFBB0 /* MainViewModel.swift in Sources */,
				221E9B1726DDCEA200FCF81C /* SidedishItem.swift in Sources */,
				224BE9CB26E61A8400EC99C6 /* MainTableViewHeaderView.swift in Sources */,
				22F2E60526DE73EB00152FFA /* SceneCoordinatorType.swift in Sources */,
				223F3F7926DDE668005AFBB0 /* ImageLoader.swift in Sources */,
				22BF2B0826DD13AF009A8B51 /* AppDelegate.swift in Sources */,
				22DB2C8526DF15CF00E81B40 /* SidedishStorageType.swift in Sources */,
				220E095E26DD1A30003C72AE /* NetworkManager.swift in Sources */,
				22B54BE726E7660900F76088 /* ThumbnailStackView.swift in Sources */,
				22BF2B0A26DD13AF009A8B51 /* SceneDelegate.swift in Sources */,
				223F3F9026DE002B005AFBB0 /* DetailViewModel.swift in Sources */,
				222E079326E0C90300F53227 /* NSObject+ClassNameProtocol.swift in Sources */,
				223F3F7E26DDF224005AFBB0 /* UIImage+UIGraphicsImageREnderer.swift in Sources */,
			);
			runOnlyForDeploymentPostprocessing = 0;
		};
		22F4D89126EB1F9800A7BB61 /* Sources */ = {
			isa = PBXSourcesBuildPhase;
			buildActionMask = 2147483647;
			files = (
				22F4D89826EB1F9800A7BB61 /* RxSidedishTests.swift in Sources */,
				22F4D8A226EB215300A7BB61 /* RxDetailViewModelTests.swift in Sources */,
			);
			runOnlyForDeploymentPostprocessing = 0;
		};
/* End PBXSourcesBuildPhase section */

/* Begin PBXTargetDependency section */
		22F4D89B26EB1F9800A7BB61 /* PBXTargetDependency */ = {
			isa = PBXTargetDependency;
			target = 22BF2B0326DD13AF009A8B51 /* RxSidedish */;
			targetProxy = 22F4D89A26EB1F9800A7BB61 /* PBXContainerItemProxy */;
		};
/* End PBXTargetDependency section */

/* Begin PBXVariantGroup section */
		22BF2B0D26DD13AF009A8B51 /* Main.storyboard */ = {
			isa = PBXVariantGroup;
			children = (
				22BF2B0E26DD13AF009A8B51 /* Base */,
			);
			name = Main.storyboard;
			sourceTree = "<group>";
		};
		22BF2B1226DD13B2009A8B51 /* LaunchScreen.storyboard */ = {
			isa = PBXVariantGroup;
			children = (
				22BF2B1326DD13B2009A8B51 /* Base */,
			);
			name = LaunchScreen.storyboard;
			sourceTree = "<group>";
		};
/* End PBXVariantGroup section */

/* Begin XCBuildConfiguration section */
		22BF2B1626DD13B2009A8B51 /* Debug */ = {
			isa = XCBuildConfiguration;
			buildSettings = {
				ALWAYS_SEARCH_USER_PATHS = NO;
				CLANG_ANALYZER_NONNULL = YES;
				CLANG_ANALYZER_NUMBER_OBJECT_CONVERSION = YES_AGGRESSIVE;
				CLANG_CXX_LANGUAGE_STANDARD = "gnu++14";
				CLANG_CXX_LIBRARY = "libc++";
				CLANG_ENABLE_MODULES = YES;
				CLANG_ENABLE_OBJC_ARC = YES;
				CLANG_ENABLE_OBJC_WEAK = YES;
				CLANG_WARN_BLOCK_CAPTURE_AUTORELEASING = YES;
				CLANG_WARN_BOOL_CONVERSION = YES;
				CLANG_WARN_COMMA = YES;
				CLANG_WARN_CONSTANT_CONVERSION = YES;
				CLANG_WARN_DEPRECATED_OBJC_IMPLEMENTATIONS = YES;
				CLANG_WARN_DIRECT_OBJC_ISA_USAGE = YES_ERROR;
				CLANG_WARN_DOCUMENTATION_COMMENTS = YES;
				CLANG_WARN_EMPTY_BODY = YES;
				CLANG_WARN_ENUM_CONVERSION = YES;
				CLANG_WARN_INFINITE_RECURSION = YES;
				CLANG_WARN_INT_CONVERSION = YES;
				CLANG_WARN_NON_LITERAL_NULL_CONVERSION = YES;
				CLANG_WARN_OBJC_IMPLICIT_RETAIN_SELF = YES;
				CLANG_WARN_OBJC_LITERAL_CONVERSION = YES;
				CLANG_WARN_OBJC_ROOT_CLASS = YES_ERROR;
				CLANG_WARN_QUOTED_INCLUDE_IN_FRAMEWORK_HEADER = YES;
				CLANG_WARN_RANGE_LOOP_ANALYSIS = YES;
				CLANG_WARN_STRICT_PROTOTYPES = YES;
				CLANG_WARN_SUSPICIOUS_MOVE = YES;
				CLANG_WARN_UNGUARDED_AVAILABILITY = YES_AGGRESSIVE;
				CLANG_WARN_UNREACHABLE_CODE = YES;
				CLANG_WARN__DUPLICATE_METHOD_MATCH = YES;
				COPY_PHASE_STRIP = NO;
				DEBUG_INFORMATION_FORMAT = dwarf;
				ENABLE_STRICT_OBJC_MSGSEND = YES;
				ENABLE_TESTABILITY = YES;
				GCC_C_LANGUAGE_STANDARD = gnu11;
				GCC_DYNAMIC_NO_PIC = NO;
				GCC_NO_COMMON_BLOCKS = YES;
				GCC_OPTIMIZATION_LEVEL = 0;
				GCC_PREPROCESSOR_DEFINITIONS = (
					"DEBUG=1",
					"$(inherited)",
				);
				GCC_WARN_64_TO_32_BIT_CONVERSION = YES;
				GCC_WARN_ABOUT_RETURN_TYPE = YES_ERROR;
				GCC_WARN_UNDECLARED_SELECTOR = YES;
				GCC_WARN_UNINITIALIZED_AUTOS = YES_AGGRESSIVE;
				GCC_WARN_UNUSED_FUNCTION = YES;
				GCC_WARN_UNUSED_VARIABLE = YES;
				IPHONEOS_DEPLOYMENT_TARGET = 14.4;
				MTL_ENABLE_DEBUG_INFO = INCLUDE_SOURCE;
				MTL_FAST_MATH = YES;
				ONLY_ACTIVE_ARCH = YES;
				SDKROOT = iphoneos;
				SWIFT_ACTIVE_COMPILATION_CONDITIONS = DEBUG;
				SWIFT_OPTIMIZATION_LEVEL = "-Onone";
			};
			name = Debug;
		};
		22BF2B1726DD13B2009A8B51 /* Release */ = {
			isa = XCBuildConfiguration;
			buildSettings = {
				ALWAYS_SEARCH_USER_PATHS = NO;
				CLANG_ANALYZER_NONNULL = YES;
				CLANG_ANALYZER_NUMBER_OBJECT_CONVERSION = YES_AGGRESSIVE;
				CLANG_CXX_LANGUAGE_STANDARD = "gnu++14";
				CLANG_CXX_LIBRARY = "libc++";
				CLANG_ENABLE_MODULES = YES;
				CLANG_ENABLE_OBJC_ARC = YES;
				CLANG_ENABLE_OBJC_WEAK = YES;
				CLANG_WARN_BLOCK_CAPTURE_AUTORELEASING = YES;
				CLANG_WARN_BOOL_CONVERSION = YES;
				CLANG_WARN_COMMA = YES;
				CLANG_WARN_CONSTANT_CONVERSION = YES;
				CLANG_WARN_DEPRECATED_OBJC_IMPLEMENTATIONS = YES;
				CLANG_WARN_DIRECT_OBJC_ISA_USAGE = YES_ERROR;
				CLANG_WARN_DOCUMENTATION_COMMENTS = YES;
				CLANG_WARN_EMPTY_BODY = YES;
				CLANG_WARN_ENUM_CONVERSION = YES;
				CLANG_WARN_INFINITE_RECURSION = YES;
				CLANG_WARN_INT_CONVERSION = YES;
				CLANG_WARN_NON_LITERAL_NULL_CONVERSION = YES;
				CLANG_WARN_OBJC_IMPLICIT_RETAIN_SELF = YES;
				CLANG_WARN_OBJC_LITERAL_CONVERSION = YES;
				CLANG_WARN_OBJC_ROOT_CLASS = YES_ERROR;
				CLANG_WARN_QUOTED_INCLUDE_IN_FRAMEWORK_HEADER = YES;
				CLANG_WARN_RANGE_LOOP_ANALYSIS = YES;
				CLANG_WARN_STRICT_PROTOTYPES = YES;
				CLANG_WARN_SUSPICIOUS_MOVE = YES;
				CLANG_WARN_UNGUARDED_AVAILABILITY = YES_AGGRESSIVE;
				CLANG_WARN_UNREACHABLE_CODE = YES;
				CLANG_WARN__DUPLICATE_METHOD_MATCH = YES;
				COPY_PHASE_STRIP = NO;
				DEBUG_INFORMATION_FORMAT = "dwarf-with-dsym";
				ENABLE_NS_ASSERTIONS = NO;
				ENABLE_STRICT_OBJC_MSGSEND = YES;
				GCC_C_LANGUAGE_STANDARD = gnu11;
				GCC_NO_COMMON_BLOCKS = YES;
				GCC_WARN_64_TO_32_BIT_CONVERSION = YES;
				GCC_WARN_ABOUT_RETURN_TYPE = YES_ERROR;
				GCC_WARN_UNDECLARED_SELECTOR = YES;
				GCC_WARN_UNINITIALIZED_AUTOS = YES_AGGRESSIVE;
				GCC_WARN_UNUSED_FUNCTION = YES;
				GCC_WARN_UNUSED_VARIABLE = YES;
				IPHONEOS_DEPLOYMENT_TARGET = 14.4;
				MTL_ENABLE_DEBUG_INFO = NO;
				MTL_FAST_MATH = YES;
				SDKROOT = iphoneos;
				SWIFT_COMPILATION_MODE = wholemodule;
				SWIFT_OPTIMIZATION_LEVEL = "-O";
				VALIDATE_PRODUCT = YES;
			};
			name = Release;
		};
		22BF2B1926DD13B2009A8B51 /* Debug */ = {
			isa = XCBuildConfiguration;
			baseConfigurationReference = 2758C0F9D661DBAFDD55D7E1 /* Pods-RxSidedish.debug.xcconfig */;
			buildSettings = {
				ASSETCATALOG_COMPILER_APPICON_NAME = AppIcon;
				ASSETCATALOG_COMPILER_GLOBAL_ACCENT_COLOR_NAME = AccentColor;
				CODE_SIGN_STYLE = Automatic;
				INFOPLIST_FILE = RxSidedish/Info.plist;
				LD_RUNPATH_SEARCH_PATHS = (
					"$(inherited)",
					"@executable_path/Frameworks",
				);
				PRODUCT_BUNDLE_IDENTIFIER = kr.maylily.RxSidedish;
				PRODUCT_NAME = "$(TARGET_NAME)";
				SWIFT_VERSION = 5.0;
				TARGETED_DEVICE_FAMILY = "1,2";
			};
			name = Debug;
		};
		22BF2B1A26DD13B2009A8B51 /* Release */ = {
			isa = XCBuildConfiguration;
			baseConfigurationReference = 721A5ACC8A183626B6BCB211 /* Pods-RxSidedish.release.xcconfig */;
			buildSettings = {
				ASSETCATALOG_COMPILER_APPICON_NAME = AppIcon;
				ASSETCATALOG_COMPILER_GLOBAL_ACCENT_COLOR_NAME = AccentColor;
				CODE_SIGN_STYLE = Automatic;
				INFOPLIST_FILE = RxSidedish/Info.plist;
				LD_RUNPATH_SEARCH_PATHS = (
					"$(inherited)",
					"@executable_path/Frameworks",
				);
				PRODUCT_BUNDLE_IDENTIFIER = kr.maylily.RxSidedish;
				PRODUCT_NAME = "$(TARGET_NAME)";
				SWIFT_VERSION = 5.0;
				TARGETED_DEVICE_FAMILY = "1,2";
			};
			name = Release;
		};
		22F4D89C26EB1F9800A7BB61 /* Debug */ = {
			isa = XCBuildConfiguration;
			baseConfigurationReference = 649C8289C71710BA4CB5D69D /* Pods-RxSidedishTests.debug.xcconfig */;
			buildSettings = {
				BUNDLE_LOADER = "$(TEST_HOST)";
				CODE_SIGN_STYLE = Automatic;
				INFOPLIST_FILE = RxSidedishTests/Info.plist;
				LD_RUNPATH_SEARCH_PATHS = (
					"$(inherited)",
					"@executable_path/Frameworks",
					"@loader_path/Frameworks",
				);
				PRODUCT_BUNDLE_IDENTIFIER = kr.maylily.RxSidedishTests;
				PRODUCT_NAME = "$(TARGET_NAME)";
				SWIFT_VERSION = 5.0;
				TARGETED_DEVICE_FAMILY = "1,2";
				TEST_HOST = "$(BUILT_PRODUCTS_DIR)/RxSidedish.app/RxSidedish";
			};
			name = Debug;
		};
		22F4D89D26EB1F9800A7BB61 /* Release */ = {
			isa = XCBuildConfiguration;
			baseConfigurationReference = 4D2820402D32AEF26A6DD1F6 /* Pods-RxSidedishTests.release.xcconfig */;
			buildSettings = {
				BUNDLE_LOADER = "$(TEST_HOST)";
				CODE_SIGN_STYLE = Automatic;
				INFOPLIST_FILE = RxSidedishTests/Info.plist;
				LD_RUNPATH_SEARCH_PATHS = (
					"$(inherited)",
					"@executable_path/Frameworks",
					"@loader_path/Frameworks",
				);
				PRODUCT_BUNDLE_IDENTIFIER = kr.maylily.RxSidedishTests;
				PRODUCT_NAME = "$(TARGET_NAME)";
				SWIFT_VERSION = 5.0;
				TARGETED_DEVICE_FAMILY = "1,2";
				TEST_HOST = "$(BUILT_PRODUCTS_DIR)/RxSidedish.app/RxSidedish";
			};
			name = Release;
		};
/* End XCBuildConfiguration section */

/* Begin XCConfigurationList section */
		22BF2AFF26DD13AF009A8B51 /* Build configuration list for PBXProject "RxSidedish" */ = {
			isa = XCConfigurationList;
			buildConfigurations = (
				22BF2B1626DD13B2009A8B51 /* Debug */,
				22BF2B1726DD13B2009A8B51 /* Release */,
			);
			defaultConfigurationIsVisible = 0;
			defaultConfigurationName = Release;
		};
		22BF2B1826DD13B2009A8B51 /* Build configuration list for PBXNativeTarget "RxSidedish" */ = {
			isa = XCConfigurationList;
			buildConfigurations = (
				22BF2B1926DD13B2009A8B51 /* Debug */,
				22BF2B1A26DD13B2009A8B51 /* Release */,
			);
			defaultConfigurationIsVisible = 0;
			defaultConfigurationName = Release;
		};
		22F4D89E26EB1F9800A7BB61 /* Build configuration list for PBXNativeTarget "RxSidedishTests" */ = {
			isa = XCConfigurationList;
			buildConfigurations = (
				22F4D89C26EB1F9800A7BB61 /* Debug */,
				22F4D89D26EB1F9800A7BB61 /* Release */,
			);
			defaultConfigurationIsVisible = 0;
			defaultConfigurationName = Release;
		};
/* End XCConfigurationList section */
	};
	rootObject = 22BF2AFC26DD13AF009A8B51 /* Project object */;
}
